
Microsoft Visual Studio Solution File, Format Version 12.00
# Visual Studio Version 17
VisualStudioVersion = 17.14.36429.23
MinimumVisualStudioVersion = 10.0.40219.1
Project("{FAE04EC0-301F-11D3-BF4B-00C04F79EFBC}") = "Repositories", "Repositories\Repositories.csproj", "{A5B3CFA1-410E-B31F-F804-4CC6C048FE3E}"
EndProject
Project("{FAE04EC0-301F-11D3-BF4B-00C04F79EFBC}") = "Services", "Services\Services.csproj", "{97207750-6972-232F-BB7B-6106666106AF}"
EndProject
Project("{FAE04EC0-301F-11D3-BF4B-00C04F79EFBC}") = "API", "API\API.csproj", "{E5FD2D7C-360F-0A18-4E7E-5A5E8F7BDAAE}"
EndProject
Project("{FAE04EC0-301F-11D3-BF4B-00C04F79EFBC}") = "Common", "Common\Common.csproj", "{C6E698E2-87D3-4BA3-B97E-9F53227CE77D}"
EndProject
Global
	GlobalSection(SolutionConfigurationPlatforms) = preSolution
		Debug|Any CPU = Debug|Any CPU
		Release|Any CPU = Release|Any CPU
	EndGlobalSection
	GlobalSection(ProjectConfigurationPlatforms) = postSolution
		{A5B3CFA1-410E-B31F-F804-4CC6C048FE3E}.Debug|Any CPU.ActiveCfg = Debug|Any CPU
		{A5B3CFA1-410E-B31F-F804-4CC6C048FE3E}.Debug|Any CPU.Build.0 = Debug|Any CPU
		{A5B3CFA1-410E-B31F-F804-4CC6C048FE3E}.Release|Any CPU.ActiveCfg = Release|Any CPU
		{A5B3CFA1-410E-B31F-F804-4CC6C048FE3E}.Release|Any CPU.Build.0 = Release|Any CPU
		{97207750-6972-232F-BB7B-6106666106AF}.Debug|Any CPU.ActiveCfg = Debug|Any CPU
		{97207750-6972-232F-BB7B-6106666106AF}.Debug|Any CPU.Build.0 = Debug|Any CPU
		{97207750-6972-232F-BB7B-6106666106AF}.Release|Any CPU.ActiveCfg = Release|Any CPU
		{97207750-6972-232F-BB7B-6106666106AF}.Release|Any CPU.Build.0 = Release|Any CPU
		{E5FD2D7C-360F-0A18-4E7E-5A5E8F7BDAAE}.Debug|Any CPU.ActiveCfg = Debug|Any CPU
		{E5FD2D7C-360F-0A18-4E7E-5A5E8F7BDAAE}.Debug|Any CPU.Build.0 = Debug|Any CPU
		{E5FD2D7C-360F-0A18-4E7E-5A5E8F7BDAAE}.Release|Any CPU.ActiveCfg = Release|Any CPU
		{E5FD2D7C-360F-0A18-4E7E-5A5E8F7BDAAE}.Release|Any CPU.Build.0 = Release|Any CPU
		{C6E698E2-87D3-4BA3-B97E-9F53227CE77D}.Debug|Any CPU.ActiveCfg = Debug|Any CPU
		{C6E698E2-87D3-4BA3-B97E-9F53227CE77D}.Debug|Any CPU.Build.0 = Debug|Any CPU
		{C6E698E2-87D3-4BA3-B97E-9F53227CE77D}.Release|Any CPU.ActiveCfg = Release|Any CPU
		{C6E698E2-87D3-4BA3-B97E-9F53227CE77D}.Release|Any CPU.Build.0 = Release|Any CPU
	EndGlobalSection
	GlobalSection(SolutionProperties) = preSolution
		HideSolutionNode = FALSE
	EndGlobalSection
	GlobalSection(ExtensibilityGlobals) = postSolution
		SolutionGuid = {ABF7736C-F8D7-46E4-8E8D-52F3924A6731}
	EndGlobalSection
EndGlobal
